// !$*UTF8*$!
{
	archiveVersion = 1;
	classes = {
	};
	objectVersion = 46;
	objects = {

/* Begin PBXBuildFile section */
		98EE02D91AEF3062001BE720 /* main.m in Sources */ = {isa = PBXBuildFile; fileRef = 98EE02D81AEF3062001BE720 /* main.m */; };
		98EE02DC1AEF3062001BE720 /* AppDelegate.m in Sources */ = {isa = PBXBuildFile; fileRef = 98EE02DB1AEF3062001BE720 /* AppDelegate.m */; };
		98EE02DF1AEF3062001BE720 /* ViewController.m in Sources */ = {isa = PBXBuildFile; fileRef = 98EE02DE1AEF3062001BE720 /* ViewController.m */; };
		98EE02E21AEF3062001BE720 /* Main.storyboard in Resources */ = {isa = PBXBuildFile; fileRef = 98EE02E01AEF3062001BE720 /* Main.storyboard */; };
		98EE02E41AEF3062001BE720 /* Images.xcassets in Resources */ = {isa = PBXBuildFile; fileRef = 98EE02E31AEF3062001BE720 /* Images.xcassets */; };
		98EE02E71AEF3062001BE720 /* LaunchScreen.xib in Resources */ = {isa = PBXBuildFile; fileRef = 98EE02E51AEF3062001BE720 /* LaunchScreen.xib */; };
		98EE02F31AEF3062001BE720 /* iOSNetworkStackTests.m in Sources */ = {isa = PBXBuildFile; fileRef = 98EE02F21AEF3062001BE720 /* iOSNetworkStackTests.m */; };
/* End PBXBuildFile section */

/* Begin PBXContainerItemProxy section */
		98EE02ED1AEF3062001BE720 /* PBXContainerItemProxy */ = {
			isa = PBXContainerItemProxy;
			containerPortal = 98EE02CB1AEF3062001BE720 /* Project object */;
			proxyType = 1;
			remoteGlobalIDString = 98EE02D21AEF3062001BE720;
			remoteInfo = iOSNetworkStack;
		};
/* End PBXContainerItemProxy section */

/* Begin PBXFileReference section */
		98EE02D31AEF3062001BE720 /* iOSNetworkStack.app */ = {isa = PBXFileReference; explicitFileType = wrapper.application; includeInIndex = 0; path = iOSNetworkStack.app; sourceTree = BUILT_PRODUCTS_DIR; };
		98EE02D71AEF3062001BE720 /* Info.plist */ = {isa = PBXFileReference; lastKnownFileType = text.plist.xml; path = Info.plist; sourceTree = "<group>"; };
		98EE02D81AEF3062001BE720 /* main.m */ = {isa = PBXFileReference; lastKnownFileType = sourcecode.c.objc; path = main.m; sourceTree = "<group>"; };
		98EE02DA1AEF3062001BE720 /* AppDelegate.h */ = {isa = PBXFileReference; lastKnownFileType = sourcecode.c.h; path = AppDelegate.h; sourceTree = "<group>"; };
		98EE02DB1AEF3062001BE720 /* AppDelegate.m */ = {isa = PBXFileReference; lastKnownFileType = sourcecode.c.objc; path = AppDelegate.m; sourceTree = "<group>"; };
		98EE02DD1AEF3062001BE720 /* ViewController.h */ = {isa = PBXFileReference; lastKnownFileType = sourcecode.c.h; path = ViewController.h; sourceTree = "<group>"; };
		98EE02DE1AEF3062001BE720 /* ViewController.m */ = {isa = PBXFileReference; lastKnownFileType = sourcecode.c.objc; path = ViewController.m; sourceTree = "<group>"; };
		98EE02E11AEF3062001BE720 /* Base */ = {isa = PBXFileReference; lastKnownFileType = file.storyboard; name = Base; path = Base.lproj/Main.storyboard; sourceTree = "<group>"; };
		98EE02E31AEF3062001BE720 /* Images.xcassets */ = {isa = PBXFileReference; lastKnownFileType = folder.assetcatalog; path = Images.xcassets; sourceTree = "<group>"; };
		98EE02E61AEF3062001BE720 /* Base */ = {isa = PBXFileReference; lastKnownFileType = file.xib; name = Base; path = Base.lproj/LaunchScreen.xib; sourceTree = "<group>"; };
		98EE02EC1AEF3062001BE720 /* iOSNetworkStackTests.xctest */ = {isa = PBXFileReference; explicitFileType = wrapper.cfbundle; includeInIndex = 0; path = iOSNetworkStackTests.xctest; sourceTree = BUILT_PRODUCTS_DIR; };
		98EE02F11AEF3062001BE720 /* Info.plist */ = {isa = PBXFileReference; lastKnownFileType = text.plist.xml; path = Info.plist; sourceTree = "<group>"; };
		98EE02F21AEF3062001BE720 /* iOSNetworkStackTests.m */ = {isa = PBXFileReference; lastKnownFileType = sourcecode.c.objc; path = iOSNetworkStackTests.m; sourceTree = "<group>"; };
/* End PBXFileReference section */

/* Begin PBXFrameworksBuildPhase section */
		98EE02D01AEF3062001BE720 /* Frameworks */ = {
			isa = PBXFrameworksBuildPhase;
			buildActionMask = 2147483647;
			files = (
			);
			runOnlyForDeploymentPostprocessing = 0;
		};
		98EE02E91AEF3062001BE720 /* Frameworks */ = {
			isa = PBXFrameworksBuildPhase;
			buildActionMask = 2147483647;
			files = (
			);
			runOnlyForDeploymentPostprocessing = 0;
		};
/* End PBXFrameworksBuildPhase section */

/* Begin PBXGroup section */
		98EE02CA1AEF3062001BE720 = {
			isa = PBXGroup;
			children = (
				98EE02D51AEF3062001BE720 /* iOSNetworkStack */,
				98EE02EF1AEF3062001BE720 /* iOSNetworkStackTests */,
				98EE02D41AEF3062001BE720 /* Products */,
			);
			sourceTree = "<group>";
		};
		98EE02D41AEF3062001BE720 /* Products */ = {
			isa = PBXGroup;
			children = (
				98EE02D31AEF3062001BE720 /* iOSNetworkStack.app */,
				98EE02EC1AEF3062001BE720 /* iOSNetworkStackTests.xctest */,
			);
			name = Products;
			sourceTree = "<group>";
		};
		98EE02D51AEF3062001BE720 /* iOSNetworkStack */ = {
			isa = PBXGroup;
			children = (
				98EE02FC1AEF3135001BE720 /* Network Stack */,
				98EE02DA1AEF3062001BE720 /* AppDelegate.h */,
				98EE02DB1AEF3062001BE720 /* AppDelegate.m */,
				98EE02DD1AEF3062001BE720 /* ViewController.h */,
				98EE02DE1AEF3062001BE720 /* ViewController.m */,
				98EE02E01AEF3062001BE720 /* Main.storyboard */,
				98EE02E31AEF3062001BE720 /* Images.xcassets */,
				98EE02E51AEF3062001BE720 /* LaunchScreen.xib */,
				98EE02D61AEF3062001BE720 /* Supporting Files */,
			);
			path = iOSNetworkStack;
			sourceTree = "<group>";
		};
		98EE02D61AEF3062001BE720 /* Supporting Files */ = {
			isa = PBXGroup;
			children = (
				98EE02D71AEF3062001BE720 /* Info.plist */,
				98EE02D81AEF3062001BE720 /* main.m */,
			);
			name = "Supporting Files";
			sourceTree = "<group>";
		};
		98EE02EF1AEF3062001BE720 /* iOSNetworkStackTests */ = {
			isa = PBXGroup;
			children = (
				98EE02F21AEF3062001BE720 /* iOSNetworkStackTests.m */,
				98EE02F01AEF3062001BE720 /* Supporting Files */,
			);
			path = iOSNetworkStackTests;
			sourceTree = "<group>";
		};
		98EE02F01AEF3062001BE720 /* Supporting Files */ = {
			isa = PBXGroup;
			children = (
				98EE02F11AEF3062001BE720 /* Info.plist */,
			);
			name = "Supporting Files";
			sourceTree = "<group>";
		};
		98EE02FC1AEF3135001BE720 /* Network Stack */ = {
			isa = PBXGroup;
			children = (
			);
			name = "Network Stack";
			sourceTree = "<group>";
		};
/* End PBXGroup section */

/* Begin PBXNativeTarget section */
		98EE02D21AEF3062001BE720 /* iOSNetworkStack */ = {
			isa = PBXNativeTarget;
			buildConfigurationList = 98EE02F61AEF3062001BE720 /* Build configuration list for PBXNativeTarget "iOSNetworkStack" */;
			buildPhases = (
				98EE02CF1AEF3062001BE720 /* Sources */,
				98EE02D01AEF3062001BE720 /* Frameworks */,
				98EE02D11AEF3062001BE720 /* Resources */,
			);
			buildRules = (
			);
			dependencies = (
			);
			name = iOSNetworkStack;
			productName = iOSNetworkStack;
			productReference = 98EE02D31AEF3062001BE720 /* iOSNetworkStack.app */;
			productType = "com.apple.product-type.application";
		};
		98EE02EB1AEF3062001BE720 /* iOSNetworkStackTests */ = {
			isa = PBXNativeTarget;
			buildConfigurationList = 98EE02F91AEF3062001BE720 /* Build configuration list for PBXNativeTarget "iOSNetworkStackTests" */;
			buildPhases = (
				98EE02E81AEF3062001BE720 /* Sources */,
				98EE02E91AEF3062001BE720 /* Frameworks */,
				98EE02EA1AEF3062001BE720 /* Resources */,
			);
			buildRules = (
			);
			dependencies = (
				98EE02EE1AEF3062001BE720 /* PBXTargetDependency */,
			);
			name = iOSNetworkStackTests;
			productName = iOSNetworkStackTests;
			productReference = 98EE02EC1AEF3062001BE720 /* iOSNetworkStackTests.xctest */;
			productType = "com.apple.product-type.bundle.unit-test";
		};
/* End PBXNativeTarget section */

/* Begin PBXProject section */
		98EE02CB1AEF3062001BE720 /* Project object */ = {
			isa = PBXProject;
			attributes = {
				LastUpgradeCheck = 0630;
				ORGANIZATIONNAME = HackaZach;
				TargetAttributes = {
					98EE02D21AEF3062001BE720 = {
						CreatedOnToolsVersion = 6.3;
					};
					98EE02EB1AEF3062001BE720 = {
						CreatedOnToolsVersion = 6.3;
						TestTargetID = 98EE02D21AEF3062001BE720;
					};
				};
			};
			buildConfigurationList = 98EE02CE1AEF3062001BE720 /* Build configuration list for PBXProject "iOSNetworkStack" */;
			compatibilityVersion = "Xcode 3.2";
			developmentRegion = English;
			hasScannedForEncodings = 0;
			knownRegions = (
				en,
				Base,
			);
			mainGroup = 98EE02CA1AEF3062001BE720;
			productRefGroup = 98EE02D41AEF3062001BE720 /* Products */;
			projectDirPath = "";
			projectRoot = "";
			targets = (
				98EE02D21AEF3062001BE720 /* iOSNetworkStack */,
				98EE02EB1AEF3062001BE720 /* iOSNetworkStackTests */,
			);
		};
/* End PBXProject section */

/* Begin PBXResourcesBuildPhase section */
		98EE02D11AEF3062001BE720 /* Resources */ = {
			isa = PBXResourcesBuildPhase;
			buildActionMask = 2147483647;
			files = (
				98EE02E21AEF3062001BE720 /* Main.storyboard in Resources */,
				98EE02E71AEF3062001BE720 /* LaunchScreen.xib in Resources */,
				98EE02E41AEF3062001BE720 /* Images.xcassets in Resources */,
			);
			runOnlyForDeploymentPostprocessing = 0;
		};
		98EE02EA1AEF3062001BE720 /* Resources */ = {
			isa = PBXResourcesBuildPhase;
			buildActionMask = 2147483647;
			files = (
			);
			runOnlyForDeploymentPostprocessing = 0;
		};
/* End PBXResourcesBuildPhase section */

/* Begin PBXSourcesBuildPhase section */
		98EE02CF1AEF3062001BE720 /* Sources */ = {
			isa = PBXSourcesBuildPhase;
			buildActionMask = 2147483647;
			files = (
				98EE02DF1AEF3062001BE720 /* ViewController.m in Sources */,
				98EE02DC1AEF3062001BE720 /* AppDelegate.m in Sources */,
				98EE02D91AEF3062001BE720 /* main.m in Sources */,
			);
			runOnlyForDeploymentPostprocessing = 0;
		};
		98EE02E81AEF3062001BE720 /* Sources */ = {
			isa = PBXSourcesBuildPhase;
			buildActionMask = 2147483647;
			files = (
				98EE02F31AEF3062001BE720 /* iOSNetworkStackTests.m in Sources */,
			);
			runOnlyForDeploymentPostprocessing = 0;
		};
/* End PBXSourcesBuildPhase section */

/* Begin PBXTargetDependency section */
		98EE02EE1AEF3062001BE720 /* PBXTargetDependency */ = {
			isa = PBXTargetDependency;
			target = 98EE02D21AEF3062001BE720 /* iOSNetworkStack */;
			targetProxy = 98EE02ED1AEF3062001BE720 /* PBXContainerItemProxy */;
		};
/* End PBXTargetDependency section */

/* Begin PBXVariantGroup section */
		98EE02E01AEF3062001BE720 /* Main.storyboard */ = {
			isa = PBXVariantGroup;
			children = (
				98EE02E11AEF3062001BE720 /* Base */,
			);
			name = Main.storyboard;
			sourceTree = "<group>";
		};
		98EE02E51AEF3062001BE720 /* LaunchScreen.xib */ = {
			isa = PBXVariantGroup;
			children = (
				98EE02E61AEF3062001BE720 /* Base */,
			);
			name = LaunchScreen.xib;
			sourceTree = "<group>";
		};
/* End PBXVariantGroup section */

/* Begin XCBuildConfiguration section */
		98EE02F41AEF3062001BE720 /* Debug */ = {
			isa = XCBuildConfiguration;
			buildSettings = {
				ALWAYS_SEARCH_USER_PATHS = NO;
				CLANG_CXX_LANGUAGE_STANDARD = "gnu++0x";
				CLANG_CXX_LIBRARY = "libc++";
				CLANG_ENABLE_MODULES = YES;
				CLANG_ENABLE_OBJC_ARC = YES;
				CLANG_WARN_BOOL_CONVERSION = YES;
				CLANG_WARN_CONSTANT_CONVERSION = YES;
				CLANG_WARN_DIRECT_OBJC_ISA_USAGE = YES_ERROR;
				CLANG_WARN_EMPTY_BODY = YES;
				CLANG_WARN_ENUM_CONVERSION = YES;
				CLANG_WARN_INT_CONVERSION = YES;
				CLANG_WARN_OBJC_ROOT_CLASS = YES_ERROR;
				CLANG_WARN_UNREACHABLE_CODE = YES;
				CLANG_WARN__DUPLICATE_METHOD_MATCH = YES;
				"CODE_SIGN_IDENTITY[sdk=iphoneos*]" = "iPhone Developer";
				COPY_PHASE_STRIP = NO;
				DEBUG_INFORMATION_FORMAT = "dwarf-with-dsym";
				ENABLE_STRICT_OBJC_MSGSEND = YES;
				GCC_C_LANGUAGE_STANDARD = gnu99;
				GCC_DYNAMIC_NO_PIC = NO;
				GCC_NO_COMMON_BLOCKS = YES;
				GCC_OPTIMIZATION_LEVEL = 0;
				GCC_PREPROCESSOR_DEFINITIONS = (
					"DEBUG=1",
					"$(inherited)",
				);
				GCC_SYMBOLS_PRIVATE_EXTERN = NO;
				GCC_WARN_64_TO_32_BIT_CONVERSION = YES;
				GCC_WARN_ABOUT_RETURN_TYPE = YES_ERROR;
				GCC_WARN_UNDECLARED_SELECTOR = YES;
				GCC_WARN_UNINITIALIZED_AUTOS = YES_AGGRESSIVE;
				GCC_WARN_UNUSED_FUNCTION = YES;
				GCC_WARN_UNUSED_VARIABLE = YES;
				IPHONEOS_DEPLOYMENT_TARGET = 8.3;
				MTL_ENABLE_DEBUG_INFO = YES;
				ONLY_ACTIVE_ARCH = YES;
				SDKROOT = iphoneos;
			};
			name = Debug;
		};
		98EE02F51AEF3062001BE720 /* Release */ = {
			isa = XCBuildConfiguration;
			buildSettings = {
				ALWAYS_SEARCH_USER_PATHS = NO;
				CLANG_CXX_LANGUAGE_STANDARD = "gnu++0x";
				CLANG_CXX_LIBRARY = "libc++";
				CLANG_ENABLE_MODULES = YES;
				CLANG_ENABLE_OBJC_ARC = YES;
				CLANG_WARN_BOOL_CONVERSION = YES;
				CLANG_WARN_CONSTANT_CONVERSION = YES;
				CLANG_WARN_DIRECT_OBJC_ISA_USAGE = YES_ERROR;
				CLANG_WARN_EMPTY_BODY = YES;
				CLANG_WARN_ENUM_CONVERSION = YES;
				CLANG_WARN_INT_CONVERSION = YES;
				CLANG_WARN_OBJC_ROOT_CLASS = YES_ERROR;
				CLANG_WARN_UNREACHABLE_CODE = YES;
				CLANG_WARN__DUPLICATE_METHOD_MATCH = YES;
				"CODE_SIGN_IDENTITY[sdk=iphoneos*]" = "iPhone Developer";
				COPY_PHASE_STRIP = NO;
				DEBUG_INFORMATION_FORMAT = "dwarf-with-dsym";
				ENABLE_NS_ASSERTIONS = NO;
				ENABLE_STRICT_OBJC_MSGSEND = YES;
				GCC_C_LANGUAGE_STANDARD = gnu99;
				GCC_NO_COMMON_BLOCKS = YES;
				GCC_WARN_64_TO_32_BIT_CONVERSION = YES;
				GCC_WARN_ABOUT_RETURN_TYPE = YES_ERROR;
				GCC_WARN_UNDECLARED_SELECTOR = YES;
				GCC_WARN_UNINITIALIZED_AUTOS = YES_AGGRESSIVE;
				GCC_WARN_UNUSED_FUNCTION = YES;
				GCC_WARN_UNUSED_VARIABLE = YES;
				IPHONEOS_DEPLOYMENT_TARGET = 8.3;
				MTL_ENABLE_DEBUG_INFO = NO;
				SDKROOT = iphoneos;
				VALIDATE_PRODUCT = YES;
			};
			name = Release;
		};
		98EE02F71AEF3062001BE720 /* Debug */ = {
			isa = XCBuildConfiguration;
			buildSettings = {
				ASSETCATALOG_COMPILER_APPICON_NAME = AppIcon;
				INFOPLIST_FILE = iOSNetworkStack/Info.plist;
				LD_RUNPATH_SEARCH_PATHS = "$(inherited) @executable_path/Frameworks";
				PRODUCT_NAME = "$(TARGET_NAME)";
			};
			name = Debug;
		};
		98EE02F81AEF3062001BE720 /* Release */ = {
			isa = XCBuildConfiguration;
			buildSettings = {
				ASSETCATALOG_COMPILER_APPICON_NAME = AppIcon;
				INFOPLIST_FILE = iOSNetworkStack/Info.plist;
				LD_RUNPATH_SEARCH_PATHS = "$(inherited) @executable_path/Frameworks";
				PRODUCT_NAME = "$(TARGET_NAME)";
			};
			name = Release;
		};
		98EE02FA1AEF3062001BE720 /* Debug */ = {
			isa = XCBuildConfiguration;
			buildSettings = {
				BUNDLE_LOADER = "$(TEST_HOST)";
				FRAMEWORK_SEARCH_PATHS = (
					"$(SDKROOT)/Developer/Library/Frameworks",
					"$(inherited)",
				);
				GCC_PREPROCESSOR_DEFINITIONS = (
					"DEBUG=1",
					"$(inherited)",
				);
				INFOPLIST_FILE = iOSNetworkStackTests/Info.plist;
				LD_RUNPATH_SEARCH_PATHS = "$(inherited) @executable_path/Frameworks @loader_path/Frameworks";
				PRODUCT_NAME = "$(TARGET_NAME)";
				TEST_HOST = "$(BUILT_PRODUCTS_DIR)/iOSNetworkStack.app/iOSNetworkStack";
			};
			name = Debug;
		};
		98EE02FB1AEF3062001BE720 /* Release */ = {
			isa = XCBuildConfiguration;
			buildSettings = {
				BUNDLE_LOADER = "$(TEST_HOST)";
				FRAMEWORK_SEARCH_PATHS = (
					"$(SDKROOT)/Developer/Library/Frameworks",
					"$(inherited)",
				);
				INFOPLIST_FILE = iOSNetworkStackTests/Info.plist;
				LD_RUNPATH_SEARCH_PATHS = "$(inherited) @executable_path/Frameworks @loader_path/Frameworks";
				PRODUCT_NAME = "$(TARGET_NAME)";
				TEST_HOST = "$(BUILT_PRODUCTS_DIR)/iOSNetworkStack.app/iOSNetworkStack";
			};
			name = Release;
		};
/* End XCBuildConfiguration section */

/* Begin XCConfigurationList section */
		98EE02CE1AEF3062001BE720 /* Build configuration list for PBXProject "iOSNetworkStack" */ = {
			isa = XCConfigurationList;
			buildConfigurations = (
				98EE02F41AEF3062001BE720 /* Debug */,
				98EE02F51AEF3062001BE720 /* Release */,
			);
			defaultConfigurationIsVisible = 0;
			defaultConfigurationName = Release;
		};
		98EE02F61AEF3062001BE720 /* Build configuration list for PBXNativeTarget "iOSNetworkStack" */ = {
			isa = XCConfigurationList;
			buildConfigurations = (
				98EE02F71AEF3062001BE720 /* Debug */,
				98EE02F81AEF3062001BE720 /* Release */,
			);
			defaultConfigurationIsVisible = 0;
		};
		98EE02F91AEF3062001BE720 /* Build configuration list for PBXNativeTarget "iOSNetworkStackTests" */ = {
			isa = XCConfigurationList;
			buildConfigurations = (
				98EE02FA1AEF3062001BE720 /* Debug */,
				98EE02FB1AEF3062001BE720 /* Release */,
			);
			defaultConfigurationIsVisible = 0;
		};
/* End XCConfigurationList section */
	};
	rootObject = 98EE02CB1AEF3062001BE720 /* Project object */;
}
